
Microsoft Visual Studio Solution File, Format Version 12.00
# Visual Studio Version 17
VisualStudioVersion = 17.8.34330.188
MinimumVisualStudioVersion = 10.0.40219.1
Project("{FAE04EC0-301F-11D3-BF4B-00C04F79EFBC}") = "OlliversPantry.Server", "OlliversPantry.Server\OlliversPantry.Server.csproj", "{842FA9F4-F69A-47E8-8366-0EF3AE2FDD52}"
EndProject
Project("{54A90642-561A-4BB1-A94E-469ADEE60C69}") = "olliverspantry.client", "olliverspantry.client\olliverspantry.client.esproj", "{C360C48E-C6A9-4173-B8D1-048AEC4DF0BF}"
EndProject
Global
	GlobalSection(SolutionConfigurationPlatforms) = preSolution
		Debug|Any CPU = Debug|Any CPU
		Release|Any CPU = Release|Any CPU
	EndGlobalSection
	GlobalSection(ProjectConfigurationPlatforms) = postSolution
		{842FA9F4-F69A-47E8-8366-0EF3AE2FDD52}.Debug|Any CPU.ActiveCfg = Debug|Any CPU
		{842FA9F4-F69A-47E8-8366-0EF3AE2FDD52}.Debug|Any CPU.Build.0 = Debug|Any CPU
		{842FA9F4-F69A-47E8-8366-0EF3AE2FDD52}.Release|Any CPU.ActiveCfg = Release|Any CPU
		{842FA9F4-F69A-47E8-8366-0EF3AE2FDD52}.Release|Any CPU.Build.0 = Release|Any CPU
		{C360C48E-C6A9-4173-B8D1-048AEC4DF0BF}.Debug|Any CPU.ActiveCfg = Debug|Any CPU
		{C360C48E-C6A9-4173-B8D1-048AEC4DF0BF}.Debug|Any CPU.Build.0 = Debug|Any CPU
		{C360C48E-C6A9-4173-B8D1-048AEC4DF0BF}.Debug|Any CPU.Deploy.0 = Debug|Any CPU
		{C360C48E-C6A9-4173-B8D1-048AEC4DF0BF}.Release|Any CPU.ActiveCfg = Release|Any CPU
		{C360C48E-C6A9-4173-B8D1-048AEC4DF0BF}.Release|Any CPU.Build.0 = Release|Any CPU
		{C360C48E-C6A9-4173-B8D1-048AEC4DF0BF}.Release|Any CPU.Deploy.0 = Release|Any CPU
	EndGlobalSection
	GlobalSection(SolutionProperties) = preSolution
		HideSolutionNode = FALSE
	EndGlobalSection
	GlobalSection(ExtensibilityGlobals) = postSolution
		SolutionGuid = {3DEDCBA4-18D5-4CAD-816A-E29D706A67A9}
	EndGlobalSection
EndGlobal
